
Microsoft Visual Studio Solution File, Format Version 12.00
# Visual Studio Version 16
VisualStudioVersion = 16.0.30717.126
MinimumVisualStudioVersion = 10.0.40219.1
Project("{FAE04EC0-301F-11D3-BF4B-00C04F79EFBC}") = "ITMO.Lab07.Ex01.WinBackground", "ITMO.Lab07.Ex01.WinBackground\ITMO.Lab07.Ex01.WinBackground.csproj", "{667A226C-D635-4774-958E-FE9AAE34F8AA}"
EndProject
Global
	GlobalSection(SolutionConfigurationPlatforms) = preSolution
		Debug|Any CPU = Debug|Any CPU
		Release|Any CPU = Release|Any CPU
	EndGlobalSection
	GlobalSection(ProjectConfigurationPlatforms) = postSolution
		{667A226C-D635-4774-958E-FE9AAE34F8AA}.Debug|Any CPU.ActiveCfg = Debug|Any CPU
		{667A226C-D635-4774-958E-FE9AAE34F8AA}.Debug|Any CPU.Build.0 = Debug|Any CPU
		{667A226C-D635-4774-958E-FE9AAE34F8AA}.Release|Any CPU.ActiveCfg = Release|Any CPU
		{667A226C-D635-4774-958E-FE9AAE34F8AA}.Release|Any CPU.Build.0 = Release|Any CPU
	EndGlobalSection
	GlobalSection(SolutionProperties) = preSolution
		HideSolutionNode = FALSE
	EndGlobalSection
	GlobalSection(ExtensibilityGlobals) = postSolution
		SolutionGuid = {B578A32A-13B3-437F-AA97-A9C20E48F5A6}
	EndGlobalSection
EndGlobal
