
Microsoft Visual Studio Solution File, Format Version 12.00
# Visual Studio Version 16
VisualStudioVersion = 16.0.30717.126
MinimumVisualStudioVersion = 10.0.40219.1
Project("{FAE04EC0-301F-11D3-BF4B-00C04F79EFBC}") = "ITMO.Wpf.Pr03.Ex01.NCommand", "ITMO.Wpf.Pr03.Ex01.NCommand\ITMO.Wpf.Pr03.Ex01.NCommand.csproj", "{0F57F47C-5A89-42AD-9BB6-BCC058D0144D}"
EndProject
Global
	GlobalSection(SolutionConfigurationPlatforms) = preSolution
		Debug|Any CPU = Debug|Any CPU
		Release|Any CPU = Release|Any CPU
	EndGlobalSection
	GlobalSection(ProjectConfigurationPlatforms) = postSolution
		{0F57F47C-5A89-42AD-9BB6-BCC058D0144D}.Debug|Any CPU.ActiveCfg = Debug|Any CPU
		{0F57F47C-5A89-42AD-9BB6-BCC058D0144D}.Debug|Any CPU.Build.0 = Debug|Any CPU
		{0F57F47C-5A89-42AD-9BB6-BCC058D0144D}.Release|Any CPU.ActiveCfg = Release|Any CPU
		{0F57F47C-5A89-42AD-9BB6-BCC058D0144D}.Release|Any CPU.Build.0 = Release|Any CPU
	EndGlobalSection
	GlobalSection(SolutionProperties) = preSolution
		HideSolutionNode = FALSE
	EndGlobalSection
	GlobalSection(ExtensibilityGlobals) = postSolution
		SolutionGuid = {1AF1D9F1-FA95-4240-98C1-FBA2F004D2E4}
	EndGlobalSection
EndGlobal
