
Microsoft Visual Studio Solution File, Format Version 12.00
# Visual Studio Version 16
VisualStudioVersion = 16.0.30621.155
MinimumVisualStudioVersion = 10.0.40219.1
Project("{FAE04EC0-301F-11D3-BF4B-00C04F79EFBC}") = "ITMO.Lab04.Ex01.TestStandartDialog", "ITMO.Lab04.Ex01.TestStandartDialog\ITMO.Lab04.Ex01.TestStandartDialog.csproj", "{FA0BE280-8C9F-490E-8AE2-F9967689F0D2}"
EndProject
Global
	GlobalSection(SolutionConfigurationPlatforms) = preSolution
		Debug|Any CPU = Debug|Any CPU
		Release|Any CPU = Release|Any CPU
	EndGlobalSection
	GlobalSection(ProjectConfigurationPlatforms) = postSolution
		{FA0BE280-8C9F-490E-8AE2-F9967689F0D2}.Debug|Any CPU.ActiveCfg = Debug|Any CPU
		{FA0BE280-8C9F-490E-8AE2-F9967689F0D2}.Debug|Any CPU.Build.0 = Debug|Any CPU
		{FA0BE280-8C9F-490E-8AE2-F9967689F0D2}.Release|Any CPU.ActiveCfg = Release|Any CPU
		{FA0BE280-8C9F-490E-8AE2-F9967689F0D2}.Release|Any CPU.Build.0 = Release|Any CPU
	EndGlobalSection
	GlobalSection(SolutionProperties) = preSolution
		HideSolutionNode = FALSE
	EndGlobalSection
	GlobalSection(ExtensibilityGlobals) = postSolution
		SolutionGuid = {FC57B837-BD82-4EFE-B8B8-B3F4DC208489}
	EndGlobalSection
EndGlobal
