
Microsoft Visual Studio Solution File, Format Version 12.00
# Visual Studio Version 16
VisualStudioVersion = 16.0.30804.86
MinimumVisualStudioVersion = 10.0.40219.1
Project("{FAE04EC0-301F-11D3-BF4B-00C04F79EFBC}") = "ITMO.ADO.NET.DBConnection", "ITMO.ADO.NET.DBConnection\ITMO.ADO.NET.DBConnection.csproj", "{CA41D2E3-C975-4C8E-81F8-FE86EA8816D6}"
EndProject
Project("{FAE04EC0-301F-11D3-BF4B-00C04F79EFBC}") = "ITMO.ADO.NET.DBCommand", "ITMO.ADO.NET.DBCommand\ITMO.ADO.NET.DBCommand.csproj", "{93B9B011-7A4A-4EEB-A1D5-8A7AE1FE3B56}"
EndProject
Project("{FAE04EC0-301F-11D3-BF4B-00C04F79EFBC}") = "ITMO.ADO.NET.DatasetDesigner", "ITMO.ADO.NET.DatasetDesigner\ITMO.ADO.NET.DatasetDesigner.csproj", "{9EEDFA69-9066-4831-89A8-7559F2AE3B2F}"
EndProject
Project("{FAE04EC0-301F-11D3-BF4B-00C04F79EFBC}") = "ITMO.ADO.NET.CreatingDataTable", "ITMO.ADO.NET.CreatingDataTable\ITMO.ADO.NET.CreatingDataTable.csproj", "{BD31C551-4DE1-4FA5-802E-C12049C05451}"
EndProject
Project("{FAE04EC0-301F-11D3-BF4B-00C04F79EFBC}") = "ITMO.ADO.NET.DataAdapterProgram", "ITMO.ADO.NET.DataAdapterProgram\ITMO.ADO.NET.DataAdapterProgram.csproj", "{547AF240-1B73-4581-99F8-552DE4BDDA3E}"
EndProject
Project("{FAE04EC0-301F-11D3-BF4B-00C04F79EFBC}") = "ITMO.ADO.NET.DataAdapterWizard", "ITMO.ADO.NET.DataAdapterWizard\ITMO.ADO.NET.DataAdapterWizard.csproj", "{2E8516E2-A656-46AE-81AB-5CBDFED398F3}"
EndProject
Project("{FAE04EC0-301F-11D3-BF4B-00C04F79EFBC}") = "ITMO.ADO.NET.WorkingDataTable", "ITMO.ADO.NET.WorkingDataTable\ITMO.ADO.NET.WorkingDataTable.csproj", "{8F74D447-2158-4368-A19D-92E12A464A87}"
EndProject
Project("{FAE04EC0-301F-11D3-BF4B-00C04F79EFBC}") = "ITMO.ADO.NET.DataViewExample", "ITMO.ADO.NET.DataViewExample\ITMO.ADO.NET.DataViewExample.csproj", "{4EA3A016-968B-4EB5-A87D-DF0C619C3E84}"
EndProject
Global
	GlobalSection(SolutionConfigurationPlatforms) = preSolution
		Debug|Any CPU = Debug|Any CPU
		Release|Any CPU = Release|Any CPU
	EndGlobalSection
	GlobalSection(ProjectConfigurationPlatforms) = postSolution
		{CA41D2E3-C975-4C8E-81F8-FE86EA8816D6}.Debug|Any CPU.ActiveCfg = Debug|Any CPU
		{CA41D2E3-C975-4C8E-81F8-FE86EA8816D6}.Debug|Any CPU.Build.0 = Debug|Any CPU
		{CA41D2E3-C975-4C8E-81F8-FE86EA8816D6}.Release|Any CPU.ActiveCfg = Release|Any CPU
		{CA41D2E3-C975-4C8E-81F8-FE86EA8816D6}.Release|Any CPU.Build.0 = Release|Any CPU
		{93B9B011-7A4A-4EEB-A1D5-8A7AE1FE3B56}.Debug|Any CPU.ActiveCfg = Debug|Any CPU
		{93B9B011-7A4A-4EEB-A1D5-8A7AE1FE3B56}.Debug|Any CPU.Build.0 = Debug|Any CPU
		{93B9B011-7A4A-4EEB-A1D5-8A7AE1FE3B56}.Release|Any CPU.ActiveCfg = Release|Any CPU
		{93B9B011-7A4A-4EEB-A1D5-8A7AE1FE3B56}.Release|Any CPU.Build.0 = Release|Any CPU
		{9EEDFA69-9066-4831-89A8-7559F2AE3B2F}.Debug|Any CPU.ActiveCfg = Debug|Any CPU
		{9EEDFA69-9066-4831-89A8-7559F2AE3B2F}.Debug|Any CPU.Build.0 = Debug|Any CPU
		{9EEDFA69-9066-4831-89A8-7559F2AE3B2F}.Release|Any CPU.ActiveCfg = Release|Any CPU
		{9EEDFA69-9066-4831-89A8-7559F2AE3B2F}.Release|Any CPU.Build.0 = Release|Any CPU
		{BD31C551-4DE1-4FA5-802E-C12049C05451}.Debug|Any CPU.ActiveCfg = Debug|Any CPU
		{BD31C551-4DE1-4FA5-802E-C12049C05451}.Debug|Any CPU.Build.0 = Debug|Any CPU
		{BD31C551-4DE1-4FA5-802E-C12049C05451}.Release|Any CPU.ActiveCfg = Release|Any CPU
		{BD31C551-4DE1-4FA5-802E-C12049C05451}.Release|Any CPU.Build.0 = Release|Any CPU
		{547AF240-1B73-4581-99F8-552DE4BDDA3E}.Debug|Any CPU.ActiveCfg = Debug|Any CPU
		{547AF240-1B73-4581-99F8-552DE4BDDA3E}.Debug|Any CPU.Build.0 = Debug|Any CPU
		{547AF240-1B73-4581-99F8-552DE4BDDA3E}.Release|Any CPU.ActiveCfg = Release|Any CPU
		{547AF240-1B73-4581-99F8-552DE4BDDA3E}.Release|Any CPU.Build.0 = Release|Any CPU
		{2E8516E2-A656-46AE-81AB-5CBDFED398F3}.Debug|Any CPU.ActiveCfg = Debug|Any CPU
		{2E8516E2-A656-46AE-81AB-5CBDFED398F3}.Debug|Any CPU.Build.0 = Debug|Any CPU
		{2E8516E2-A656-46AE-81AB-5CBDFED398F3}.Release|Any CPU.ActiveCfg = Release|Any CPU
		{2E8516E2-A656-46AE-81AB-5CBDFED398F3}.Release|Any CPU.Build.0 = Release|Any CPU
		{8F74D447-2158-4368-A19D-92E12A464A87}.Debug|Any CPU.ActiveCfg = Debug|Any CPU
		{8F74D447-2158-4368-A19D-92E12A464A87}.Debug|Any CPU.Build.0 = Debug|Any CPU
		{8F74D447-2158-4368-A19D-92E12A464A87}.Release|Any CPU.ActiveCfg = Release|Any CPU
		{8F74D447-2158-4368-A19D-92E12A464A87}.Release|Any CPU.Build.0 = Release|Any CPU
		{4EA3A016-968B-4EB5-A87D-DF0C619C3E84}.Debug|Any CPU.ActiveCfg = Debug|Any CPU
		{4EA3A016-968B-4EB5-A87D-DF0C619C3E84}.Debug|Any CPU.Build.0 = Debug|Any CPU
		{4EA3A016-968B-4EB5-A87D-DF0C619C3E84}.Release|Any CPU.ActiveCfg = Release|Any CPU
		{4EA3A016-968B-4EB5-A87D-DF0C619C3E84}.Release|Any CPU.Build.0 = Release|Any CPU
	EndGlobalSection
	GlobalSection(SolutionProperties) = preSolution
		HideSolutionNode = FALSE
	EndGlobalSection
	GlobalSection(ExtensibilityGlobals) = postSolution
		SolutionGuid = {74055398-CA68-4778-9F55-D2021833FF87}
	EndGlobalSection
EndGlobal
