
Microsoft Visual Studio Solution File, Format Version 12.00
# Visual Studio Version 16
VisualStudioVersion = 16.0.30804.86
MinimumVisualStudioVersion = 10.0.40219.1
Project("{FAE04EC0-301F-11D3-BF4B-00C04F79EFBC}") = "ITMO.ADO.NET.DBConnection", "ITMO.ADO.NET.DBConnection\ITMO.ADO.NET.DBConnection.csproj", "{CA41D2E3-C975-4C8E-81F8-FE86EA8816D6}"
EndProject
Project("{FAE04EC0-301F-11D3-BF4B-00C04F79EFBC}") = "ITMO.ADO.NET.DBCommand", "ITMO.ADO.NET.DBCommand\ITMO.ADO.NET.DBCommand.csproj", "{93B9B011-7A4A-4EEB-A1D5-8A7AE1FE3B56}"
EndProject
Project("{FAE04EC0-301F-11D3-BF4B-00C04F79EFBC}") = "ITMO.ADO.NET.DatasetDesigner", "ITMO.ADO.NET.DatasetDesigner\ITMO.ADO.NET.DatasetDesigner.csproj", "{9EEDFA69-9066-4831-89A8-7559F2AE3B2F}"
EndProject
Project("{FAE04EC0-301F-11D3-BF4B-00C04F79EFBC}") = "ITMO.ADO.NET.CreatingDataTable", "ITMO.ADO.NET.CreatingDataTable\ITMO.ADO.NET.CreatingDataTable.csproj", "{BD31C551-4DE1-4FA5-802E-C12049C05451}"
EndProject
Project("{FAE04EC0-301F-11D3-BF4B-00C04F79EFBC}") = "ITMO.ADO.NET.DataAdapterProgram", "ITMO.ADO.NET.DataAdapterProgram\ITMO.ADO.NET.DataAdapterProgram.csproj", "{547AF240-1B73-4581-99F8-552DE4BDDA3E}"
EndProject
Project("{FAE04EC0-301F-11D3-BF4B-00C04F79EFBC}") = "ITMO.ADO.NET.DataAdapterWizard", "ITMO.ADO.NET.DataAdapterWizard\ITMO.ADO.NET.DataAdapterWizard.csproj", "{2E8516E2-A656-46AE-81AB-5CBDFED398F3}"
EndProject
Project("{FAE04EC0-301F-11D3-BF4B-00C04F79EFBC}") = "ITMO.ADO.NET.WorkingDataTable", "ITMO.ADO.NET.WorkingDataTable\ITMO.ADO.NET.WorkingDataTable.csproj", "{8F74D447-2158-4368-A19D-92E12A464A87}"
EndProject
Project("{FAE04EC0-301F-11D3-BF4B-00C04F79EFBC}") = "ITMO.ADO.NET.DataViewExample", "ITMO.ADO.NET.DataViewExample\ITMO.ADO.NET.DataViewExample.csproj", "{4EA3A016-968B-4EB5-A87D-DF0C619C3E84}"
EndProject
Project("{FAE04EC0-301F-11D3-BF4B-00C04F79EFBC}") = "ITMO.ADO.NET.DataSourcesWizard", "ITMO.ADO.NET.DataSourcesWizard\ITMO.ADO.NET.DataSourcesWizard.csproj", "{16FB1B23-3CFE-4BBB-A30D-F32F0ABA2C89}"
EndProject
Project("{FAE04EC0-301F-11D3-BF4B-00C04F79EFBC}") = "ITMO.ADO.NET.DataBindingSimple", "ITMO.ADO.NET.DataBindingSimple\ITMO.ADO.NET.DataBindingSimple.csproj", "{F7927D9B-FF36-491D-A93C-910721712498}"
EndProject
Project("{FAE04EC0-301F-11D3-BF4B-00C04F79EFBC}") = "ITMO.ADO.NET.DataBindingComplex", "ITMO.ADO.NET.DataBindingComplex\ITMO.ADO.NET.DataBindingComplex.csproj", "{2D42B929-D5A1-40C8-BF3F-5EDB1E9AA4D7}"
EndProject
Project("{FAE04EC0-301F-11D3-BF4B-00C04F79EFBC}") = "ITMO.ADO.NET.DataGridViewExample", "ITMO.ADO.NET.DataGridViewExample\ITMO.ADO.NET.DataGridViewExample.csproj", "{285967D4-1DEF-4107-91BE-921B40280451}"
EndProject
Project("{FAE04EC0-301F-11D3-BF4B-00C04F79EFBC}") = "ITMO.ADO.NET.SavingDataSetXml", "ITMO.ADO.NET.SavingDataSetXml\ITMO.ADO.NET.SavingDataSetXml.csproj", "{519167D2-AB41-4272-A73F-058318437180}"
EndProject
Project("{FAE04EC0-301F-11D3-BF4B-00C04F79EFBC}") = "ITMO.ADO.NET.LoadDataSetXml", "ITMO.ADO.NET.LoadDataSetXml\ITMO.ADO.NET.LoadDataSetXml.csproj", "{968BA863-8C9E-4F10-9BA7-A8BEAF5D71EA}"
EndProject
Global
	GlobalSection(SolutionConfigurationPlatforms) = preSolution
		Debug|Any CPU = Debug|Any CPU
		Release|Any CPU = Release|Any CPU
	EndGlobalSection
	GlobalSection(ProjectConfigurationPlatforms) = postSolution
		{CA41D2E3-C975-4C8E-81F8-FE86EA8816D6}.Debug|Any CPU.ActiveCfg = Debug|Any CPU
		{CA41D2E3-C975-4C8E-81F8-FE86EA8816D6}.Debug|Any CPU.Build.0 = Debug|Any CPU
		{CA41D2E3-C975-4C8E-81F8-FE86EA8816D6}.Release|Any CPU.ActiveCfg = Release|Any CPU
		{CA41D2E3-C975-4C8E-81F8-FE86EA8816D6}.Release|Any CPU.Build.0 = Release|Any CPU
		{93B9B011-7A4A-4EEB-A1D5-8A7AE1FE3B56}.Debug|Any CPU.ActiveCfg = Debug|Any CPU
		{93B9B011-7A4A-4EEB-A1D5-8A7AE1FE3B56}.Debug|Any CPU.Build.0 = Debug|Any CPU
		{93B9B011-7A4A-4EEB-A1D5-8A7AE1FE3B56}.Release|Any CPU.ActiveCfg = Release|Any CPU
		{93B9B011-7A4A-4EEB-A1D5-8A7AE1FE3B56}.Release|Any CPU.Build.0 = Release|Any CPU
		{9EEDFA69-9066-4831-89A8-7559F2AE3B2F}.Debug|Any CPU.ActiveCfg = Debug|Any CPU
		{9EEDFA69-9066-4831-89A8-7559F2AE3B2F}.Debug|Any CPU.Build.0 = Debug|Any CPU
		{9EEDFA69-9066-4831-89A8-7559F2AE3B2F}.Release|Any CPU.ActiveCfg = Release|Any CPU
		{9EEDFA69-9066-4831-89A8-7559F2AE3B2F}.Release|Any CPU.Build.0 = Release|Any CPU
		{BD31C551-4DE1-4FA5-802E-C12049C05451}.Debug|Any CPU.ActiveCfg = Debug|Any CPU
		{BD31C551-4DE1-4FA5-802E-C12049C05451}.Debug|Any CPU.Build.0 = Debug|Any CPU
		{BD31C551-4DE1-4FA5-802E-C12049C05451}.Release|Any CPU.ActiveCfg = Release|Any CPU
		{BD31C551-4DE1-4FA5-802E-C12049C05451}.Release|Any CPU.Build.0 = Release|Any CPU
		{547AF240-1B73-4581-99F8-552DE4BDDA3E}.Debug|Any CPU.ActiveCfg = Debug|Any CPU
		{547AF240-1B73-4581-99F8-552DE4BDDA3E}.Debug|Any CPU.Build.0 = Debug|Any CPU
		{547AF240-1B73-4581-99F8-552DE4BDDA3E}.Release|Any CPU.ActiveCfg = Release|Any CPU
		{547AF240-1B73-4581-99F8-552DE4BDDA3E}.Release|Any CPU.Build.0 = Release|Any CPU
		{2E8516E2-A656-46AE-81AB-5CBDFED398F3}.Debug|Any CPU.ActiveCfg = Debug|Any CPU
		{2E8516E2-A656-46AE-81AB-5CBDFED398F3}.Debug|Any CPU.Build.0 = Debug|Any CPU
		{2E8516E2-A656-46AE-81AB-5CBDFED398F3}.Release|Any CPU.ActiveCfg = Release|Any CPU
		{2E8516E2-A656-46AE-81AB-5CBDFED398F3}.Release|Any CPU.Build.0 = Release|Any CPU
		{8F74D447-2158-4368-A19D-92E12A464A87}.Debug|Any CPU.ActiveCfg = Debug|Any CPU
		{8F74D447-2158-4368-A19D-92E12A464A87}.Debug|Any CPU.Build.0 = Debug|Any CPU
		{8F74D447-2158-4368-A19D-92E12A464A87}.Release|Any CPU.ActiveCfg = Release|Any CPU
		{8F74D447-2158-4368-A19D-92E12A464A87}.Release|Any CPU.Build.0 = Release|Any CPU
		{4EA3A016-968B-4EB5-A87D-DF0C619C3E84}.Debug|Any CPU.ActiveCfg = Debug|Any CPU
		{4EA3A016-968B-4EB5-A87D-DF0C619C3E84}.Debug|Any CPU.Build.0 = Debug|Any CPU
		{4EA3A016-968B-4EB5-A87D-DF0C619C3E84}.Release|Any CPU.ActiveCfg = Release|Any CPU
		{4EA3A016-968B-4EB5-A87D-DF0C619C3E84}.Release|Any CPU.Build.0 = Release|Any CPU
		{16FB1B23-3CFE-4BBB-A30D-F32F0ABA2C89}.Debug|Any CPU.ActiveCfg = Debug|Any CPU
		{16FB1B23-3CFE-4BBB-A30D-F32F0ABA2C89}.Debug|Any CPU.Build.0 = Debug|Any CPU
		{16FB1B23-3CFE-4BBB-A30D-F32F0ABA2C89}.Release|Any CPU.ActiveCfg = Release|Any CPU
		{16FB1B23-3CFE-4BBB-A30D-F32F0ABA2C89}.Release|Any CPU.Build.0 = Release|Any CPU
		{F7927D9B-FF36-491D-A93C-910721712498}.Debug|Any CPU.ActiveCfg = Debug|Any CPU
		{F7927D9B-FF36-491D-A93C-910721712498}.Debug|Any CPU.Build.0 = Debug|Any CPU
		{F7927D9B-FF36-491D-A93C-910721712498}.Release|Any CPU.ActiveCfg = Release|Any CPU
		{F7927D9B-FF36-491D-A93C-910721712498}.Release|Any CPU.Build.0 = Release|Any CPU
		{2D42B929-D5A1-40C8-BF3F-5EDB1E9AA4D7}.Debug|Any CPU.ActiveCfg = Debug|Any CPU
		{2D42B929-D5A1-40C8-BF3F-5EDB1E9AA4D7}.Debug|Any CPU.Build.0 = Debug|Any CPU
		{2D42B929-D5A1-40C8-BF3F-5EDB1E9AA4D7}.Release|Any CPU.ActiveCfg = Release|Any CPU
		{2D42B929-D5A1-40C8-BF3F-5EDB1E9AA4D7}.Release|Any CPU.Build.0 = Release|Any CPU
		{285967D4-1DEF-4107-91BE-921B40280451}.Debug|Any CPU.ActiveCfg = Debug|Any CPU
		{285967D4-1DEF-4107-91BE-921B40280451}.Debug|Any CPU.Build.0 = Debug|Any CPU
		{285967D4-1DEF-4107-91BE-921B40280451}.Release|Any CPU.ActiveCfg = Release|Any CPU
		{285967D4-1DEF-4107-91BE-921B40280451}.Release|Any CPU.Build.0 = Release|Any CPU
		{519167D2-AB41-4272-A73F-058318437180}.Debug|Any CPU.ActiveCfg = Debug|Any CPU
		{519167D2-AB41-4272-A73F-058318437180}.Debug|Any CPU.Build.0 = Debug|Any CPU
		{519167D2-AB41-4272-A73F-058318437180}.Release|Any CPU.ActiveCfg = Release|Any CPU
		{519167D2-AB41-4272-A73F-058318437180}.Release|Any CPU.Build.0 = Release|Any CPU
		{968BA863-8C9E-4F10-9BA7-A8BEAF5D71EA}.Debug|Any CPU.ActiveCfg = Debug|Any CPU
		{968BA863-8C9E-4F10-9BA7-A8BEAF5D71EA}.Debug|Any CPU.Build.0 = Debug|Any CPU
		{968BA863-8C9E-4F10-9BA7-A8BEAF5D71EA}.Release|Any CPU.ActiveCfg = Release|Any CPU
		{968BA863-8C9E-4F10-9BA7-A8BEAF5D71EA}.Release|Any CPU.Build.0 = Release|Any CPU
	EndGlobalSection
	GlobalSection(SolutionProperties) = preSolution
		HideSolutionNode = FALSE
	EndGlobalSection
	GlobalSection(ExtensibilityGlobals) = postSolution
		SolutionGuid = {74055398-CA68-4778-9F55-D2021833FF87}
	EndGlobalSection
EndGlobal
