
Microsoft Visual Studio Solution File, Format Version 12.00
# Visual Studio Version 16
VisualStudioVersion = 16.0.30717.126
MinimumVisualStudioVersion = 10.0.40219.1
Project("{FAE04EC0-301F-11D3-BF4B-00C04F79EFBC}") = "ITMO.Wpf.Pr04.Ex01.UserIn1", "ITMO.Wpf.Pr04.Ex01.UserIn1\ITMO.Wpf.Pr04.Ex01.UserIn1.csproj", "{DE531594-B277-43F0-9D32-277AA1FBF532}"
EndProject
Global
	GlobalSection(SolutionConfigurationPlatforms) = preSolution
		Debug|Any CPU = Debug|Any CPU
		Release|Any CPU = Release|Any CPU
	EndGlobalSection
	GlobalSection(ProjectConfigurationPlatforms) = postSolution
		{DE531594-B277-43F0-9D32-277AA1FBF532}.Debug|Any CPU.ActiveCfg = Debug|Any CPU
		{DE531594-B277-43F0-9D32-277AA1FBF532}.Debug|Any CPU.Build.0 = Debug|Any CPU
		{DE531594-B277-43F0-9D32-277AA1FBF532}.Release|Any CPU.ActiveCfg = Release|Any CPU
		{DE531594-B277-43F0-9D32-277AA1FBF532}.Release|Any CPU.Build.0 = Release|Any CPU
	EndGlobalSection
	GlobalSection(SolutionProperties) = preSolution
		HideSolutionNode = FALSE
	EndGlobalSection
	GlobalSection(ExtensibilityGlobals) = postSolution
		SolutionGuid = {5FD1478E-507D-4E32-B8B8-771A90F679E7}
	EndGlobalSection
EndGlobal
